
Microsoft Visual Studio Solution File, Format Version 12.00
# Visual Studio Version 16
VisualStudioVersion = 16.0.29025.244
MinimumVisualStudioVersion = 10.0.40219.1
Project("{2150E333-8FDC-42A3-9474-1A3956D46DE8}") = "Source", "Source", "{3F170F3A-AB27-4028-A857-E63656F45F18}"
EndProject
Project("{9A19103F-16F7-4668-BE54-9A1E7A4F7556}") = "DeviousCreation.CqrsStarterTemplate.Core", "source\DeviousCreation.CqrsStarterTemplate.Core\DeviousCreation.CqrsStarterTemplate.Core.csproj", "{C3460EB0-8CBE-4FFC-8310-02B9A98F6BE1}"
EndProject
Project("{9A19103F-16F7-4668-BE54-9A1E7A4F7556}") = "DeviousCreation.CqrsStarterTemplate.Domain", "source\DeviousCreation.CqrsStarterTemplate.Domain\DeviousCreation.CqrsStarterTemplate.Domain.csproj", "{0059DE7D-E056-45A8-B340-9ABAB4BFCB51}"
EndProject
Project("{9A19103F-16F7-4668-BE54-9A1E7A4F7556}") = "DeviousCreation.CqrsStarterTemplate.Infrastructure", "source\DeviousCreation.CqrsStarterTemplate.Infrastructure\DeviousCreation.CqrsStarterTemplate.Infrastructure.csproj", "{FAB61F88-D3CB-4C1D-8987-0CCB113392B5}"
EndProject
Project("{9A19103F-16F7-4668-BE54-9A1E7A4F7556}") = "DeviousCreation.CqrsStarterTemplate.Queries", "source\DeviousCreation.CqrsStarterTemplate.Queries\DeviousCreation.CqrsStarterTemplate.Queries.csproj", "{E480F4CA-2BDE-414F-A53A-A80636498E24}"
EndProject
Project("{9A19103F-16F7-4668-BE54-9A1E7A4F7556}") = "DeviousCreation.CqrsStarterTemplate.Web", "source\DeviousCreation.CqrsStarterTemplate.Web\DeviousCreation.CqrsStarterTemplate.Web.csproj", "{8A87E412-6398-4C19-BAB6-006F773814D4}"
EndProject
Project("{2150E333-8FDC-42A3-9474-1A3956D46DE8}") = "Tests", "Tests", "{C2837AE8-FA13-463D-8F96-11162968424D}"
EndProject
Project("{9A19103F-16F7-4668-BE54-9A1E7A4F7556}") = "DeviousCreation.CqrsStarterTemplate.Core.Tests", "tests\DeviousCreation.CqrsStarterTemplate.Core.Tests\DeviousCreation.CqrsStarterTemplate.Core.Tests.csproj", "{9DC754E6-E379-4773-8DE0-1AC6A04C7648}"
EndProject
Project("{9A19103F-16F7-4668-BE54-9A1E7A4F7556}") = "DeviousCreation.CqrsStarterTemplate.Domain.Tests", "tests\DeviousCreation.CqrsStarterTemplate.Domain.Tests\DeviousCreation.CqrsStarterTemplate.Domain.Tests.csproj", "{EB246FF6-FD3B-4448-9AF5-B4D68FC488CB}"
EndProject
Project("{9A19103F-16F7-4668-BE54-9A1E7A4F7556}") = "DeviousCreation.CqrsStarterTemplate.Infrastructure.Tests", "tests\DeviousCreation.CqrsStarterTemplate.Infrastructure.Tests\DeviousCreation.CqrsStarterTemplate.Infrastructure.Tests.csproj", "{B2572C18-7938-462A-9976-672534D12216}"
EndProject
Project("{9A19103F-16F7-4668-BE54-9A1E7A4F7556}") = "DeviousCreation.CqrsStarterTemplate.Queries.Tests", "tests\DeviousCreation.CqrsStarterTemplate.Queries.Tests\DeviousCreation.CqrsStarterTemplate.Queries.Tests.csproj", "{4C4609C6-775E-45F1-ACE2-88CA953443A1}"
EndProject
Project("{9A19103F-16F7-4668-BE54-9A1E7A4F7556}") = "DeviousCreation.CqrsStarterTemplate.Web.Tests", "tests\DeviousCreation.CqrsStarterTemplate.Web.Tests\DeviousCreation.CqrsStarterTemplate.Web.Tests.csproj", "{8E9BE837-AEE4-482E-A799-3AD425E45345}"
EndProject
Project("{2150E333-8FDC-42A3-9474-1A3956D46DE8}") = "Data", "Data", "{13D05F41-BE19-49DA-9615-42A71BA6F2D0}"
EndProject
Project("{00D1A9C2-B5F0-4AF3-8072-F6C62B433612}") = "DeviousCreation.CqrsStarterTemplate.Database", "data\DeviousCreation.CqrsStarterTemplate.Database\DeviousCreation.CqrsStarterTemplate.Database.sqlproj", "{1BBBAFCB-8521-46F7-86DB-218B297DFD14}"
EndProject
Project("{2150E333-8FDC-42A3-9474-1A3956D46DE8}") = "_", "_", "{1AFFCF6C-92BB-466F-AF17-9D18DD492817}"
	ProjectSection(SolutionItems) = preProject
		.gitignore = .gitignore
		LICENSE = LICENSE
		README.md = README.md
	EndProjectSection
EndProject
Project("{2150E333-8FDC-42A3-9474-1A3956D46DE8}") = "Build", "Build", "{D2F7A1AE-260B-476F-ACFA-B7BC90745530}"
	ProjectSection(SolutionItems) = preProject
		build\build.cake = build\build.cake
		build\build.ps1 = build\build.ps1
	EndProjectSection
EndProject
Global
	GlobalSection(SolutionConfigurationPlatforms) = preSolution
		Debug|Any CPU = Debug|Any CPU
		Debug|x64 = Debug|x64
		Debug|x86 = Debug|x86
		Release|Any CPU = Release|Any CPU
		Release|x64 = Release|x64
		Release|x86 = Release|x86
	EndGlobalSection
	GlobalSection(ProjectConfigurationPlatforms) = postSolution
		{C3460EB0-8CBE-4FFC-8310-02B9A98F6BE1}.Debug|Any CPU.ActiveCfg = Debug|Any CPU
		{C3460EB0-8CBE-4FFC-8310-02B9A98F6BE1}.Debug|Any CPU.Build.0 = Debug|Any CPU
		{C3460EB0-8CBE-4FFC-8310-02B9A98F6BE1}.Debug|x64.ActiveCfg = Debug|Any CPU
		{C3460EB0-8CBE-4FFC-8310-02B9A98F6BE1}.Debug|x64.Build.0 = Debug|Any CPU
		{C3460EB0-8CBE-4FFC-8310-02B9A98F6BE1}.Debug|x86.ActiveCfg = Debug|Any CPU
		{C3460EB0-8CBE-4FFC-8310-02B9A98F6BE1}.Debug|x86.Build.0 = Debug|Any CPU
		{C3460EB0-8CBE-4FFC-8310-02B9A98F6BE1}.Release|Any CPU.ActiveCfg = Release|Any CPU
		{C3460EB0-8CBE-4FFC-8310-02B9A98F6BE1}.Release|Any CPU.Build.0 = Release|Any CPU
		{C3460EB0-8CBE-4FFC-8310-02B9A98F6BE1}.Release|x64.ActiveCfg = Release|Any CPU
		{C3460EB0-8CBE-4FFC-8310-02B9A98F6BE1}.Release|x64.Build.0 = Release|Any CPU
		{C3460EB0-8CBE-4FFC-8310-02B9A98F6BE1}.Release|x86.ActiveCfg = Release|Any CPU
		{C3460EB0-8CBE-4FFC-8310-02B9A98F6BE1}.Release|x86.Build.0 = Release|Any CPU
		{0059DE7D-E056-45A8-B340-9ABAB4BFCB51}.Debug|Any CPU.ActiveCfg = Debug|Any CPU
		{0059DE7D-E056-45A8-B340-9ABAB4BFCB51}.Debug|Any CPU.Build.0 = Debug|Any CPU
		{0059DE7D-E056-45A8-B340-9ABAB4BFCB51}.Debug|x64.ActiveCfg = Debug|Any CPU
		{0059DE7D-E056-45A8-B340-9ABAB4BFCB51}.Debug|x64.Build.0 = Debug|Any CPU
		{0059DE7D-E056-45A8-B340-9ABAB4BFCB51}.Debug|x86.ActiveCfg = Debug|Any CPU
		{0059DE7D-E056-45A8-B340-9ABAB4BFCB51}.Debug|x86.Build.0 = Debug|Any CPU
		{0059DE7D-E056-45A8-B340-9ABAB4BFCB51}.Release|Any CPU.ActiveCfg = Release|Any CPU
		{0059DE7D-E056-45A8-B340-9ABAB4BFCB51}.Release|Any CPU.Build.0 = Release|Any CPU
		{0059DE7D-E056-45A8-B340-9ABAB4BFCB51}.Release|x64.ActiveCfg = Release|Any CPU
		{0059DE7D-E056-45A8-B340-9ABAB4BFCB51}.Release|x64.Build.0 = Release|Any CPU
		{0059DE7D-E056-45A8-B340-9ABAB4BFCB51}.Release|x86.ActiveCfg = Release|Any CPU
		{0059DE7D-E056-45A8-B340-9ABAB4BFCB51}.Release|x86.Build.0 = Release|Any CPU
		{FAB61F88-D3CB-4C1D-8987-0CCB113392B5}.Debug|Any CPU.ActiveCfg = Debug|Any CPU
		{FAB61F88-D3CB-4C1D-8987-0CCB113392B5}.Debug|Any CPU.Build.0 = Debug|Any CPU
		{FAB61F88-D3CB-4C1D-8987-0CCB113392B5}.Debug|x64.ActiveCfg = Debug|Any CPU
		{FAB61F88-D3CB-4C1D-8987-0CCB113392B5}.Debug|x64.Build.0 = Debug|Any CPU
		{FAB61F88-D3CB-4C1D-8987-0CCB113392B5}.Debug|x86.ActiveCfg = Debug|Any CPU
		{FAB61F88-D3CB-4C1D-8987-0CCB113392B5}.Debug|x86.Build.0 = Debug|Any CPU
		{FAB61F88-D3CB-4C1D-8987-0CCB113392B5}.Release|Any CPU.ActiveCfg = Release|Any CPU
		{FAB61F88-D3CB-4C1D-8987-0CCB113392B5}.Release|Any CPU.Build.0 = Release|Any CPU
		{FAB61F88-D3CB-4C1D-8987-0CCB113392B5}.Release|x64.ActiveCfg = Release|Any CPU
		{FAB61F88-D3CB-4C1D-8987-0CCB113392B5}.Release|x64.Build.0 = Release|Any CPU
		{FAB61F88-D3CB-4C1D-8987-0CCB113392B5}.Release|x86.ActiveCfg = Release|Any CPU
		{FAB61F88-D3CB-4C1D-8987-0CCB113392B5}.Release|x86.Build.0 = Release|Any CPU
		{E480F4CA-2BDE-414F-A53A-A80636498E24}.Debug|Any CPU.ActiveCfg = Debug|Any CPU
		{E480F4CA-2BDE-414F-A53A-A80636498E24}.Debug|Any CPU.Build.0 = Debug|Any CPU
		{E480F4CA-2BDE-414F-A53A-A80636498E24}.Debug|x64.ActiveCfg = Debug|Any CPU
		{E480F4CA-2BDE-414F-A53A-A80636498E24}.Debug|x64.Build.0 = Debug|Any CPU
		{E480F4CA-2BDE-414F-A53A-A80636498E24}.Debug|x86.ActiveCfg = Debug|Any CPU
		{E480F4CA-2BDE-414F-A53A-A80636498E24}.Debug|x86.Build.0 = Debug|Any CPU
		{E480F4CA-2BDE-414F-A53A-A80636498E24}.Release|Any CPU.ActiveCfg = Release|Any CPU
		{E480F4CA-2BDE-414F-A53A-A80636498E24}.Release|Any CPU.Build.0 = Release|Any CPU
		{E480F4CA-2BDE-414F-A53A-A80636498E24}.Release|x64.ActiveCfg = Release|Any CPU
		{E480F4CA-2BDE-414F-A53A-A80636498E24}.Release|x64.Build.0 = Release|Any CPU
		{E480F4CA-2BDE-414F-A53A-A80636498E24}.Release|x86.ActiveCfg = Release|Any CPU
		{E480F4CA-2BDE-414F-A53A-A80636498E24}.Release|x86.Build.0 = Release|Any CPU
		{8A87E412-6398-4C19-BAB6-006F773814D4}.Debug|Any CPU.ActiveCfg = Debug|Any CPU
		{8A87E412-6398-4C19-BAB6-006F773814D4}.Debug|Any CPU.Build.0 = Debug|Any CPU
		{8A87E412-6398-4C19-BAB6-006F773814D4}.Debug|x64.ActiveCfg = Debug|Any CPU
		{8A87E412-6398-4C19-BAB6-006F773814D4}.Debug|x64.Build.0 = Debug|Any CPU
		{8A87E412-6398-4C19-BAB6-006F773814D4}.Debug|x86.ActiveCfg = Debug|Any CPU
		{8A87E412-6398-4C19-BAB6-006F773814D4}.Debug|x86.Build.0 = Debug|Any CPU
		{8A87E412-6398-4C19-BAB6-006F773814D4}.Release|Any CPU.ActiveCfg = Release|Any CPU
		{8A87E412-6398-4C19-BAB6-006F773814D4}.Release|Any CPU.Build.0 = Release|Any CPU
		{8A87E412-6398-4C19-BAB6-006F773814D4}.Release|x64.ActiveCfg = Release|Any CPU
		{8A87E412-6398-4C19-BAB6-006F773814D4}.Release|x64.Build.0 = Release|Any CPU
		{8A87E412-6398-4C19-BAB6-006F773814D4}.Release|x86.ActiveCfg = Release|Any CPU
		{8A87E412-6398-4C19-BAB6-006F773814D4}.Release|x86.Build.0 = Release|Any CPU
		{9DC754E6-E379-4773-8DE0-1AC6A04C7648}.Debug|Any CPU.ActiveCfg = Debug|Any CPU
		{9DC754E6-E379-4773-8DE0-1AC6A04C7648}.Debug|Any CPU.Build.0 = Debug|Any CPU
		{9DC754E6-E379-4773-8DE0-1AC6A04C7648}.Debug|x64.ActiveCfg = Debug|Any CPU
		{9DC754E6-E379-4773-8DE0-1AC6A04C7648}.Debug|x64.Build.0 = Debug|Any CPU
		{9DC754E6-E379-4773-8DE0-1AC6A04C7648}.Debug|x86.ActiveCfg = Debug|Any CPU
		{9DC754E6-E379-4773-8DE0-1AC6A04C7648}.Debug|x86.Build.0 = Debug|Any CPU
		{9DC754E6-E379-4773-8DE0-1AC6A04C7648}.Release|Any CPU.ActiveCfg = Release|Any CPU
		{9DC754E6-E379-4773-8DE0-1AC6A04C7648}.Release|Any CPU.Build.0 = Release|Any CPU
		{9DC754E6-E379-4773-8DE0-1AC6A04C7648}.Release|x64.ActiveCfg = Release|Any CPU
		{9DC754E6-E379-4773-8DE0-1AC6A04C7648}.Release|x64.Build.0 = Release|Any CPU
		{9DC754E6-E379-4773-8DE0-1AC6A04C7648}.Release|x86.ActiveCfg = Release|Any CPU
		{9DC754E6-E379-4773-8DE0-1AC6A04C7648}.Release|x86.Build.0 = Release|Any CPU
		{EB246FF6-FD3B-4448-9AF5-B4D68FC488CB}.Debug|Any CPU.ActiveCfg = Debug|Any CPU
		{EB246FF6-FD3B-4448-9AF5-B4D68FC488CB}.Debug|Any CPU.Build.0 = Debug|Any CPU
		{EB246FF6-FD3B-4448-9AF5-B4D68FC488CB}.Debug|x64.ActiveCfg = Debug|Any CPU
		{EB246FF6-FD3B-4448-9AF5-B4D68FC488CB}.Debug|x64.Build.0 = Debug|Any CPU
		{EB246FF6-FD3B-4448-9AF5-B4D68FC488CB}.Debug|x86.ActiveCfg = Debug|Any CPU
		{EB246FF6-FD3B-4448-9AF5-B4D68FC488CB}.Debug|x86.Build.0 = Debug|Any CPU
		{EB246FF6-FD3B-4448-9AF5-B4D68FC488CB}.Release|Any CPU.ActiveCfg = Release|Any CPU
		{EB246FF6-FD3B-4448-9AF5-B4D68FC488CB}.Release|Any CPU.Build.0 = Release|Any CPU
		{EB246FF6-FD3B-4448-9AF5-B4D68FC488CB}.Release|x64.ActiveCfg = Release|Any CPU
		{EB246FF6-FD3B-4448-9AF5-B4D68FC488CB}.Release|x64.Build.0 = Release|Any CPU
		{EB246FF6-FD3B-4448-9AF5-B4D68FC488CB}.Release|x86.ActiveCfg = Release|Any CPU
		{EB246FF6-FD3B-4448-9AF5-B4D68FC488CB}.Release|x86.Build.0 = Release|Any CPU
		{B2572C18-7938-462A-9976-672534D12216}.Debug|Any CPU.ActiveCfg = Debug|Any CPU
		{B2572C18-7938-462A-9976-672534D12216}.Debug|Any CPU.Build.0 = Debug|Any CPU
		{B2572C18-7938-462A-9976-672534D12216}.Debug|x64.ActiveCfg = Debug|Any CPU
		{B2572C18-7938-462A-9976-672534D12216}.Debug|x64.Build.0 = Debug|Any CPU
		{B2572C18-7938-462A-9976-672534D12216}.Debug|x86.ActiveCfg = Debug|Any CPU
		{B2572C18-7938-462A-9976-672534D12216}.Debug|x86.Build.0 = Debug|Any CPU
		{B2572C18-7938-462A-9976-672534D12216}.Release|Any CPU.ActiveCfg = Release|Any CPU
		{B2572C18-7938-462A-9976-672534D12216}.Release|Any CPU.Build.0 = Release|Any CPU
		{B2572C18-7938-462A-9976-672534D12216}.Release|x64.ActiveCfg = Release|Any CPU
		{B2572C18-7938-462A-9976-672534D12216}.Release|x64.Build.0 = Release|Any CPU
		{B2572C18-7938-462A-9976-672534D12216}.Release|x86.ActiveCfg = Release|Any CPU
		{B2572C18-7938-462A-9976-672534D12216}.Release|x86.Build.0 = Release|Any CPU
		{4C4609C6-775E-45F1-ACE2-88CA953443A1}.Debug|Any CPU.ActiveCfg = Debug|Any CPU
		{4C4609C6-775E-45F1-ACE2-88CA953443A1}.Debug|Any CPU.Build.0 = Debug|Any CPU
		{4C4609C6-775E-45F1-ACE2-88CA953443A1}.Debug|x64.ActiveCfg = Debug|Any CPU
		{4C4609C6-775E-45F1-ACE2-88CA953443A1}.Debug|x64.Build.0 = Debug|Any CPU
		{4C4609C6-775E-45F1-ACE2-88CA953443A1}.Debug|x86.ActiveCfg = Debug|Any CPU
		{4C4609C6-775E-45F1-ACE2-88CA953443A1}.Debug|x86.Build.0 = Debug|Any CPU
		{4C4609C6-775E-45F1-ACE2-88CA953443A1}.Release|Any CPU.ActiveCfg = Release|Any CPU
		{4C4609C6-775E-45F1-ACE2-88CA953443A1}.Release|Any CPU.Build.0 = Release|Any CPU
		{4C4609C6-775E-45F1-ACE2-88CA953443A1}.Release|x64.ActiveCfg = Release|Any CPU
		{4C4609C6-775E-45F1-ACE2-88CA953443A1}.Release|x64.Build.0 = Release|Any CPU
		{4C4609C6-775E-45F1-ACE2-88CA953443A1}.Release|x86.ActiveCfg = Release|Any CPU
		{4C4609C6-775E-45F1-ACE2-88CA953443A1}.Release|x86.Build.0 = Release|Any CPU
		{8E9BE837-AEE4-482E-A799-3AD425E45345}.Debug|Any CPU.ActiveCfg = Debug|Any CPU
		{8E9BE837-AEE4-482E-A799-3AD425E45345}.Debug|Any CPU.Build.0 = Debug|Any CPU
		{8E9BE837-AEE4-482E-A799-3AD425E45345}.Debug|x64.ActiveCfg = Debug|Any CPU
		{8E9BE837-AEE4-482E-A799-3AD425E45345}.Debug|x64.Build.0 = Debug|Any CPU
		{8E9BE837-AEE4-482E-A799-3AD425E45345}.Debug|x86.ActiveCfg = Debug|Any CPU
		{8E9BE837-AEE4-482E-A799-3AD425E45345}.Debug|x86.Build.0 = Debug|Any CPU
		{8E9BE837-AEE4-482E-A799-3AD425E45345}.Release|Any CPU.ActiveCfg = Release|Any CPU
		{8E9BE837-AEE4-482E-A799-3AD425E45345}.Release|Any CPU.Build.0 = Release|Any CPU
		{8E9BE837-AEE4-482E-A799-3AD425E45345}.Release|x64.ActiveCfg = Release|Any CPU
		{8E9BE837-AEE4-482E-A799-3AD425E45345}.Release|x64.Build.0 = Release|Any CPU
		{8E9BE837-AEE4-482E-A799-3AD425E45345}.Release|x86.ActiveCfg = Release|Any CPU
		{8E9BE837-AEE4-482E-A799-3AD425E45345}.Release|x86.Build.0 = Release|Any CPU
		{1BBBAFCB-8521-46F7-86DB-218B297DFD14}.Debug|Any CPU.ActiveCfg = Debug|Any CPU
		{1BBBAFCB-8521-46F7-86DB-218B297DFD14}.Debug|Any CPU.Build.0 = Debug|Any CPU
		{1BBBAFCB-8521-46F7-86DB-218B297DFD14}.Debug|Any CPU.Deploy.0 = Debug|Any CPU
		{1BBBAFCB-8521-46F7-86DB-218B297DFD14}.Debug|x64.ActiveCfg = Debug|Any CPU
		{1BBBAFCB-8521-46F7-86DB-218B297DFD14}.Debug|x64.Build.0 = Debug|Any CPU
		{1BBBAFCB-8521-46F7-86DB-218B297DFD14}.Debug|x64.Deploy.0 = Debug|Any CPU
		{1BBBAFCB-8521-46F7-86DB-218B297DFD14}.Debug|x86.ActiveCfg = Debug|Any CPU
		{1BBBAFCB-8521-46F7-86DB-218B297DFD14}.Debug|x86.Build.0 = Debug|Any CPU
		{1BBBAFCB-8521-46F7-86DB-218B297DFD14}.Debug|x86.Deploy.0 = Debug|Any CPU
		{1BBBAFCB-8521-46F7-86DB-218B297DFD14}.Release|Any CPU.ActiveCfg = Release|Any CPU
		{1BBBAFCB-8521-46F7-86DB-218B297DFD14}.Release|x64.ActiveCfg = Release|Any CPU
		{1BBBAFCB-8521-46F7-86DB-218B297DFD14}.Release|x64.Build.0 = Release|Any CPU
		{1BBBAFCB-8521-46F7-86DB-218B297DFD14}.Release|x64.Deploy.0 = Release|Any CPU
		{1BBBAFCB-8521-46F7-86DB-218B297DFD14}.Release|x86.ActiveCfg = Release|Any CPU
		{1BBBAFCB-8521-46F7-86DB-218B297DFD14}.Release|x86.Build.0 = Release|Any CPU
		{1BBBAFCB-8521-46F7-86DB-218B297DFD14}.Release|x86.Deploy.0 = Release|Any CPU
	EndGlobalSection
	GlobalSection(SolutionProperties) = preSolution
		HideSolutionNode = FALSE
	EndGlobalSection
	GlobalSection(NestedProjects) = preSolution
		{C3460EB0-8CBE-4FFC-8310-02B9A98F6BE1} = {3F170F3A-AB27-4028-A857-E63656F45F18}
		{0059DE7D-E056-45A8-B340-9ABAB4BFCB51} = {3F170F3A-AB27-4028-A857-E63656F45F18}
		{FAB61F88-D3CB-4C1D-8987-0CCB113392B5} = {3F170F3A-AB27-4028-A857-E63656F45F18}
		{E480F4CA-2BDE-414F-A53A-A80636498E24} = {3F170F3A-AB27-4028-A857-E63656F45F18}
		{8A87E412-6398-4C19-BAB6-006F773814D4} = {3F170F3A-AB27-4028-A857-E63656F45F18}
		{9DC754E6-E379-4773-8DE0-1AC6A04C7648} = {C2837AE8-FA13-463D-8F96-11162968424D}
		{EB246FF6-FD3B-4448-9AF5-B4D68FC488CB} = {C2837AE8-FA13-463D-8F96-11162968424D}
		{B2572C18-7938-462A-9976-672534D12216} = {C2837AE8-FA13-463D-8F96-11162968424D}
		{4C4609C6-775E-45F1-ACE2-88CA953443A1} = {C2837AE8-FA13-463D-8F96-11162968424D}
		{8E9BE837-AEE4-482E-A799-3AD425E45345} = {C2837AE8-FA13-463D-8F96-11162968424D}
		{1BBBAFCB-8521-46F7-86DB-218B297DFD14} = {13D05F41-BE19-49DA-9615-42A71BA6F2D0}
	EndGlobalSection
	GlobalSection(ExtensibilityGlobals) = postSolution
		SolutionGuid = {69F12A47-A0C9-460C-B9D8-84DD6DF3A229}
	EndGlobalSection
EndGlobal
